
Microsoft Visual Studio Solution File, Format Version 12.00
# Visual Studio 15
VisualStudioVersion = 15.0.27130.2010
MinimumVisualStudioVersion = 10.0.40219.1
Project("{2150E333-8FDC-42A3-9474-1A3956D46DE8}") = "Solution Items", "Solution Items", "{94908AEB-886E-4D86-A905-F8D612D56999}"
	ProjectSection(SolutionItems) = preProject
		LICENSE = LICENSE
		README.md = README.md
	EndProjectSection
EndProject
Project("{2150E333-8FDC-42A3-9474-1A3956D46DE8}") = "__", "__", "{4B1647E6-5262-4799-839E-E0F458EF0A85}"
EndProject
Project("{2150E333-8FDC-42A3-9474-1A3956D46DE8}") = "samples", "samples", "{4E844A95-9001-4D0D-B76C-AE5B6EEAC4ED}"
EndProject
Project("{2150E333-8FDC-42A3-9474-1A3956D46DE8}") = "test", "test", "{C588662B-56D4-4B06-931C-D623E4039919}"
EndProject
Project("{2150E333-8FDC-42A3-9474-1A3956D46DE8}") = "src", "src", "{4B213888-3705-409C-8C91-46065046EB59}"
	ProjectSection(SolutionItems) = preProject
		src\Directory.Build.props = src\Directory.Build.props
	EndProjectSection
EndProject
Project("{2150E333-8FDC-42A3-9474-1A3956D46DE8}") = "bimonetary", "bimonetary", "{5D65C946-C776-40FE-90D8-9E61E08530E6}"
	ProjectSection(SolutionItems) = preProject
		samples\bimonetary\Directory.Build.props = samples\bimonetary\Directory.Build.props
	EndProjectSection
EndProject
Project("{2150E333-8FDC-42A3-9474-1A3956D46DE8}") = "standard", "standard", "{E7095FD9-6342-44F3-A53B-518D8FF10C86}"
EndProject
Project("{9A19103F-16F7-4668-BE54-9A1E7A4F7556}") = "MSK.Samples.BiMonetary.WebApp", "samples\bimonetary\MSK.Samples.BiMonetary.WebApp\MSK.Samples.BiMonetary.WebApp.csproj", "{731955F2-2B68-4F39-B0C7-9C61C8E3BB27}"
EndProject
Project("{9A19103F-16F7-4668-BE54-9A1E7A4F7556}") = "MSK.Samples.BiMonetary.Migrator", "samples\bimonetary\MSK.Samples.BiMonetary.Migrator\MSK.Samples.BiMonetary.Migrator.csproj", "{4A489FC3-2F13-4B61-8068-FF279AB90860}"
EndProject
Project("{9A19103F-16F7-4668-BE54-9A1E7A4F7556}") = "MSK.Application.Module.Data", "src\MSK.Application.Module.Data\MSK.Application.Module.Data.csproj", "{FE4C6A96-6C43-4C6B-9FE9-BD8EDF5A834D}"
EndProject
Project("{9A19103F-16F7-4668-BE54-9A1E7A4F7556}") = "MSK.Application.Module.Identity", "src\MSK.Application.Module.Identity\MSK.Application.Module.Identity.csproj", "{267133F1-5745-4B14-B052-C3DE25F0FEB3}"
EndProject
Project("{9A19103F-16F7-4668-BE54-9A1E7A4F7556}") = "MSK.Application.Module.Migration", "src\MSK.Application.Module.Migration\MSK.Application.Module.Migration.csproj", "{56A49FB6-A853-4389-BE49-4AC790005A06}"
EndProject
Project("{9A19103F-16F7-4668-BE54-9A1E7A4F7556}") = "MSK.Application.Module.Target", "src\MSK.Application.Module.Target\MSK.Application.Module.Target.csproj", "{AB02476A-1A31-4851-906E-3326B6EE16E5}"
EndProject
Project("{9A19103F-16F7-4668-BE54-9A1E7A4F7556}") = "MSK.Core.Module.Entity", "src\MSK.Core.Module.Entity\MSK.Core.Module.Entity.csproj", "{B121C2E9-428A-41C8-B040-94064064BB44}"
EndProject
Project("{9A19103F-16F7-4668-BE54-9A1E7A4F7556}") = "MSK.Core.Module.Mvc", "src\MSK.Core.Module.Mvc\MSK.Core.Module.Mvc.csproj", "{E18149D9-B701-49F4-AED5-0B12358A0F32}"
EndProject
Project("{9A19103F-16F7-4668-BE54-9A1E7A4F7556}") = "MSK.Core.Module.Target", "src\MSK.Core.Module.Target\MSK.Core.Module.Target.csproj", "{C2368285-4A77-4DC9-B50A-752C5A2CAF35}"
EndProject
Project("{9A19103F-16F7-4668-BE54-9A1E7A4F7556}") = "MSK.Core.Module.Utils", "src\MSK.Core.Module.Utils\MSK.Core.Module.Utils.csproj", "{67976E13-5D7B-4F70-8E2E-31F4D7F00526}"
EndProject
Project("{9A19103F-16F7-4668-BE54-9A1E7A4F7556}") = "MSK.Core.Theme.Default", "src\MSK.Core.Theme.Default\MSK.Core.Theme.Default.csproj", "{A8FEDF53-3A90-4842-A7DA-E817FAEE539C}"
EndProject
Project("{9A19103F-16F7-4668-BE54-9A1E7A4F7556}") = "MSK.Support.Module.Swagger", "src\MSK.Support.Module.Swagger\MSK.Support.Module.Swagger.csproj", "{61819A5C-7855-43CC-BF48-64B2FAFEDBF2}"
EndProject
Project("{9A19103F-16F7-4668-BE54-9A1E7A4F7556}") = "MSK.Samples.BiMonetary.Module.CryptoCurrency", "samples\bimonetary\MSK.Samples.BiMonetary.Module.CryptoCurrency\MSK.Samples.BiMonetary.Module.CryptoCurrency.csproj", "{913FB0DD-6AEC-4E44-A2BA-47A438F30E96}"
EndProject
Project("{9A19103F-16F7-4668-BE54-9A1E7A4F7556}") = "MSK.Samples.BiMonetary.Module.Social", "samples\bimonetary\MSK.Samples.BiMonetary.Module.Social\MSK.Samples.BiMonetary.Module.Social.csproj", "{8670F063-1811-4FD8-8E3D-06ABA4B2322F}"
EndProject
Project("{2150E333-8FDC-42A3-9474-1A3956D46DE8}") = "build", "build", "{EEA24710-C34A-4D85-B7A8-EB0506637B21}"
	ProjectSection(SolutionItems) = preProject
		.gitignore = .gitignore
		global.json = global.json
		NuGet.config = NuGet.config
	EndProjectSection
EndProject
Project("{9A19103F-16F7-4668-BE54-9A1E7A4F7556}") = "MSK.Samples.BiMonetary.Module.GraphQL", "samples\bimonetary\MSK.Samples.BiMonetary.Module.GraphQL\MSK.Samples.BiMonetary.Module.GraphQL.csproj", "{322BD315-2EB0-4277-AFEA-8FE85F9D025B}"
EndProject
Project("{FAE04EC0-301F-11D3-BF4B-00C04F79EFBC}") = "MSK.Support.Module.MineTypeDetector", "src\MSK.Support.Module.MineTypeDetector\MSK.Support.Module.MineTypeDetector.csproj", "{793174B7-F9BA-4BD7-A1A7-1B49DFDC4340}"
EndProject
Project("{FAE04EC0-301F-11D3-BF4B-00C04F79EFBC}") = "MSK.Support.Module.MineTypeDetector.Tests", "test\MSK.Support.Module.MineTypeDetector.Tests\MSK.Support.Module.MineTypeDetector.Tests.csproj", "{086AC3D4-E16E-4E02-9C2F-C1BD4CFC27B9}"
EndProject
Global
	GlobalSection(SolutionConfigurationPlatforms) = preSolution
		Debug|Any CPU = Debug|Any CPU
		Release|Any CPU = Release|Any CPU
	EndGlobalSection
	GlobalSection(ProjectConfigurationPlatforms) = postSolution
		{731955F2-2B68-4F39-B0C7-9C61C8E3BB27}.Debug|Any CPU.ActiveCfg = Debug|Any CPU
		{731955F2-2B68-4F39-B0C7-9C61C8E3BB27}.Debug|Any CPU.Build.0 = Debug|Any CPU
		{731955F2-2B68-4F39-B0C7-9C61C8E3BB27}.Release|Any CPU.ActiveCfg = Release|Any CPU
		{731955F2-2B68-4F39-B0C7-9C61C8E3BB27}.Release|Any CPU.Build.0 = Release|Any CPU
		{4A489FC3-2F13-4B61-8068-FF279AB90860}.Debug|Any CPU.ActiveCfg = Debug|Any CPU
		{4A489FC3-2F13-4B61-8068-FF279AB90860}.Debug|Any CPU.Build.0 = Debug|Any CPU
		{4A489FC3-2F13-4B61-8068-FF279AB90860}.Release|Any CPU.ActiveCfg = Release|Any CPU
		{4A489FC3-2F13-4B61-8068-FF279AB90860}.Release|Any CPU.Build.0 = Release|Any CPU
		{FE4C6A96-6C43-4C6B-9FE9-BD8EDF5A834D}.Debug|Any CPU.ActiveCfg = Debug|Any CPU
		{FE4C6A96-6C43-4C6B-9FE9-BD8EDF5A834D}.Debug|Any CPU.Build.0 = Debug|Any CPU
		{FE4C6A96-6C43-4C6B-9FE9-BD8EDF5A834D}.Release|Any CPU.ActiveCfg = Release|Any CPU
		{FE4C6A96-6C43-4C6B-9FE9-BD8EDF5A834D}.Release|Any CPU.Build.0 = Release|Any CPU
		{267133F1-5745-4B14-B052-C3DE25F0FEB3}.Debug|Any CPU.ActiveCfg = Debug|Any CPU
		{267133F1-5745-4B14-B052-C3DE25F0FEB3}.Debug|Any CPU.Build.0 = Debug|Any CPU
		{267133F1-5745-4B14-B052-C3DE25F0FEB3}.Release|Any CPU.ActiveCfg = Release|Any CPU
		{267133F1-5745-4B14-B052-C3DE25F0FEB3}.Release|Any CPU.Build.0 = Release|Any CPU
		{56A49FB6-A853-4389-BE49-4AC790005A06}.Debug|Any CPU.ActiveCfg = Debug|Any CPU
		{56A49FB6-A853-4389-BE49-4AC790005A06}.Debug|Any CPU.Build.0 = Debug|Any CPU
		{56A49FB6-A853-4389-BE49-4AC790005A06}.Release|Any CPU.ActiveCfg = Release|Any CPU
		{56A49FB6-A853-4389-BE49-4AC790005A06}.Release|Any CPU.Build.0 = Release|Any CPU
		{AB02476A-1A31-4851-906E-3326B6EE16E5}.Debug|Any CPU.ActiveCfg = Debug|Any CPU
		{AB02476A-1A31-4851-906E-3326B6EE16E5}.Debug|Any CPU.Build.0 = Debug|Any CPU
		{AB02476A-1A31-4851-906E-3326B6EE16E5}.Release|Any CPU.ActiveCfg = Release|Any CPU
		{AB02476A-1A31-4851-906E-3326B6EE16E5}.Release|Any CPU.Build.0 = Release|Any CPU
		{B121C2E9-428A-41C8-B040-94064064BB44}.Debug|Any CPU.ActiveCfg = Debug|Any CPU
		{B121C2E9-428A-41C8-B040-94064064BB44}.Debug|Any CPU.Build.0 = Debug|Any CPU
		{B121C2E9-428A-41C8-B040-94064064BB44}.Release|Any CPU.ActiveCfg = Release|Any CPU
		{B121C2E9-428A-41C8-B040-94064064BB44}.Release|Any CPU.Build.0 = Release|Any CPU
		{E18149D9-B701-49F4-AED5-0B12358A0F32}.Debug|Any CPU.ActiveCfg = Debug|Any CPU
		{E18149D9-B701-49F4-AED5-0B12358A0F32}.Debug|Any CPU.Build.0 = Debug|Any CPU
		{E18149D9-B701-49F4-AED5-0B12358A0F32}.Release|Any CPU.ActiveCfg = Release|Any CPU
		{E18149D9-B701-49F4-AED5-0B12358A0F32}.Release|Any CPU.Build.0 = Release|Any CPU
		{C2368285-4A77-4DC9-B50A-752C5A2CAF35}.Debug|Any CPU.ActiveCfg = Debug|Any CPU
		{C2368285-4A77-4DC9-B50A-752C5A2CAF35}.Debug|Any CPU.Build.0 = Debug|Any CPU
		{C2368285-4A77-4DC9-B50A-752C5A2CAF35}.Release|Any CPU.ActiveCfg = Release|Any CPU
		{C2368285-4A77-4DC9-B50A-752C5A2CAF35}.Release|Any CPU.Build.0 = Release|Any CPU
		{67976E13-5D7B-4F70-8E2E-31F4D7F00526}.Debug|Any CPU.ActiveCfg = Debug|Any CPU
		{67976E13-5D7B-4F70-8E2E-31F4D7F00526}.Debug|Any CPU.Build.0 = Debug|Any CPU
		{67976E13-5D7B-4F70-8E2E-31F4D7F00526}.Release|Any CPU.ActiveCfg = Release|Any CPU
		{67976E13-5D7B-4F70-8E2E-31F4D7F00526}.Release|Any CPU.Build.0 = Release|Any CPU
		{A8FEDF53-3A90-4842-A7DA-E817FAEE539C}.Debug|Any CPU.ActiveCfg = Debug|Any CPU
		{A8FEDF53-3A90-4842-A7DA-E817FAEE539C}.Debug|Any CPU.Build.0 = Debug|Any CPU
		{A8FEDF53-3A90-4842-A7DA-E817FAEE539C}.Release|Any CPU.ActiveCfg = Release|Any CPU
		{A8FEDF53-3A90-4842-A7DA-E817FAEE539C}.Release|Any CPU.Build.0 = Release|Any CPU
		{61819A5C-7855-43CC-BF48-64B2FAFEDBF2}.Debug|Any CPU.ActiveCfg = Debug|Any CPU
		{61819A5C-7855-43CC-BF48-64B2FAFEDBF2}.Debug|Any CPU.Build.0 = Debug|Any CPU
		{61819A5C-7855-43CC-BF48-64B2FAFEDBF2}.Release|Any CPU.ActiveCfg = Release|Any CPU
		{61819A5C-7855-43CC-BF48-64B2FAFEDBF2}.Release|Any CPU.Build.0 = Release|Any CPU
		{913FB0DD-6AEC-4E44-A2BA-47A438F30E96}.Debug|Any CPU.ActiveCfg = Debug|Any CPU
		{913FB0DD-6AEC-4E44-A2BA-47A438F30E96}.Debug|Any CPU.Build.0 = Debug|Any CPU
		{913FB0DD-6AEC-4E44-A2BA-47A438F30E96}.Release|Any CPU.ActiveCfg = Release|Any CPU
		{913FB0DD-6AEC-4E44-A2BA-47A438F30E96}.Release|Any CPU.Build.0 = Release|Any CPU
		{8670F063-1811-4FD8-8E3D-06ABA4B2322F}.Debug|Any CPU.ActiveCfg = Debug|Any CPU
		{8670F063-1811-4FD8-8E3D-06ABA4B2322F}.Debug|Any CPU.Build.0 = Debug|Any CPU
		{8670F063-1811-4FD8-8E3D-06ABA4B2322F}.Release|Any CPU.ActiveCfg = Release|Any CPU
		{8670F063-1811-4FD8-8E3D-06ABA4B2322F}.Release|Any CPU.Build.0 = Release|Any CPU
		{322BD315-2EB0-4277-AFEA-8FE85F9D025B}.Debug|Any CPU.ActiveCfg = Debug|Any CPU
		{322BD315-2EB0-4277-AFEA-8FE85F9D025B}.Debug|Any CPU.Build.0 = Debug|Any CPU
		{322BD315-2EB0-4277-AFEA-8FE85F9D025B}.Release|Any CPU.ActiveCfg = Release|Any CPU
		{322BD315-2EB0-4277-AFEA-8FE85F9D025B}.Release|Any CPU.Build.0 = Release|Any CPU
		{793174B7-F9BA-4BD7-A1A7-1B49DFDC4340}.Debug|Any CPU.ActiveCfg = Debug|Any CPU
		{793174B7-F9BA-4BD7-A1A7-1B49DFDC4340}.Debug|Any CPU.Build.0 = Debug|Any CPU
		{793174B7-F9BA-4BD7-A1A7-1B49DFDC4340}.Release|Any CPU.ActiveCfg = Release|Any CPU
		{793174B7-F9BA-4BD7-A1A7-1B49DFDC4340}.Release|Any CPU.Build.0 = Release|Any CPU
		{086AC3D4-E16E-4E02-9C2F-C1BD4CFC27B9}.Debug|Any CPU.ActiveCfg = Debug|Any CPU
		{086AC3D4-E16E-4E02-9C2F-C1BD4CFC27B9}.Debug|Any CPU.Build.0 = Debug|Any CPU
		{086AC3D4-E16E-4E02-9C2F-C1BD4CFC27B9}.Release|Any CPU.ActiveCfg = Release|Any CPU
		{086AC3D4-E16E-4E02-9C2F-C1BD4CFC27B9}.Release|Any CPU.Build.0 = Release|Any CPU
	EndGlobalSection
	GlobalSection(SolutionProperties) = preSolution
		HideSolutionNode = FALSE
	EndGlobalSection
	GlobalSection(NestedProjects) = preSolution
		{94908AEB-886E-4D86-A905-F8D612D56999} = {4B1647E6-5262-4799-839E-E0F458EF0A85}
		{5D65C946-C776-40FE-90D8-9E61E08530E6} = {4E844A95-9001-4D0D-B76C-AE5B6EEAC4ED}
		{E7095FD9-6342-44F3-A53B-518D8FF10C86} = {4E844A95-9001-4D0D-B76C-AE5B6EEAC4ED}
		{731955F2-2B68-4F39-B0C7-9C61C8E3BB27} = {5D65C946-C776-40FE-90D8-9E61E08530E6}
		{4A489FC3-2F13-4B61-8068-FF279AB90860} = {5D65C946-C776-40FE-90D8-9E61E08530E6}
		{FE4C6A96-6C43-4C6B-9FE9-BD8EDF5A834D} = {4B213888-3705-409C-8C91-46065046EB59}
		{267133F1-5745-4B14-B052-C3DE25F0FEB3} = {4B213888-3705-409C-8C91-46065046EB59}
		{56A49FB6-A853-4389-BE49-4AC790005A06} = {4B213888-3705-409C-8C91-46065046EB59}
		{AB02476A-1A31-4851-906E-3326B6EE16E5} = {4B213888-3705-409C-8C91-46065046EB59}
		{B121C2E9-428A-41C8-B040-94064064BB44} = {4B213888-3705-409C-8C91-46065046EB59}
		{E18149D9-B701-49F4-AED5-0B12358A0F32} = {4B213888-3705-409C-8C91-46065046EB59}
		{C2368285-4A77-4DC9-B50A-752C5A2CAF35} = {4B213888-3705-409C-8C91-46065046EB59}
		{67976E13-5D7B-4F70-8E2E-31F4D7F00526} = {4B213888-3705-409C-8C91-46065046EB59}
		{A8FEDF53-3A90-4842-A7DA-E817FAEE539C} = {4B213888-3705-409C-8C91-46065046EB59}
		{61819A5C-7855-43CC-BF48-64B2FAFEDBF2} = {4B213888-3705-409C-8C91-46065046EB59}
		{913FB0DD-6AEC-4E44-A2BA-47A438F30E96} = {5D65C946-C776-40FE-90D8-9E61E08530E6}
		{8670F063-1811-4FD8-8E3D-06ABA4B2322F} = {5D65C946-C776-40FE-90D8-9E61E08530E6}
		{EEA24710-C34A-4D85-B7A8-EB0506637B21} = {4B1647E6-5262-4799-839E-E0F458EF0A85}
		{322BD315-2EB0-4277-AFEA-8FE85F9D025B} = {5D65C946-C776-40FE-90D8-9E61E08530E6}
		{793174B7-F9BA-4BD7-A1A7-1B49DFDC4340} = {4B213888-3705-409C-8C91-46065046EB59}
		{086AC3D4-E16E-4E02-9C2F-C1BD4CFC27B9} = {C588662B-56D4-4B06-931C-D623E4039919}
	EndGlobalSection
	GlobalSection(ExtensibilityGlobals) = postSolution
		SolutionGuid = {1778A799-EEAD-4A1E-BF1D-F243DD42978C}
	EndGlobalSection
EndGlobal
